PODS:
  - Flutter (1.0.0)
  - hss_okta_flutter (0.0.1):
    - Flutter
    - OktaDirectAuth
    - OktaIdx
    - OktaJWT
    - OktaOAuth2
    - OktaOidc
    - OktaWebAuthenticationUI
  - integration_test (0.0.1):
    - Flutter
  - OktaAuthFoundation (1.4.3)
  - OktaDirectAuth (1.4.3):
    - OktaAuthFoundation (= 1.4.3)
  - OktaIdx (3.0.9):
    - OktaAuthFoundation (~> 1.4.2)
  - OktaJWT (2.3.5)
  - OktaOAuth2 (1.4.3):
    - OktaAuthFoundation (= 1.4.3)
  - OktaOidc (3.11.2):
    - OktaOidc/AppAuth (= 3.11.2)
    - OktaOidc/Okta (= 3.11.2)
  - OktaOidc/AppAuth (3.11.2)
  - OktaOidc/Okta (3.11.2):
    - OktaOidc/AppAuth
  - OktaWebAuthenticationUI (1.4.3):
    - OktaAuthFoundation (= 1.4.3)
    - OktaOAuth2 (= 1.4.3)
  - url_launcher_ios (0.0.1):
    - Flutter

DEPENDENCIES:
  - Flutter (from `Flutter`)
  - hss_okta_flutter (from `.symlinks/plugins/hss_okta_flutter/ios`)
  - integration_test (from `.symlinks/plugins/integration_test/ios`)
  - url_launcher_ios (from `.symlinks/plugins/url_launcher_ios/ios`)

SPEC REPOS:
  trunk:
    - OktaAuthFoundation
    - OktaDirectAuth
    - OktaIdx
    - OktaJWT
    - OktaOAuth2
    - OktaOidc
    - OktaWebAuthenticationUI

EXTERNAL SOURCES:
  Flutter:
    :path: Flutter
  hss_okta_flutter:
    :path: ".symlinks/plugins/hss_okta_flutter/ios"
  integration_test:
    :path: ".symlinks/plugins/integration_test/ios"
  url_launcher_ios:
    :path: ".symlinks/plugins/url_launcher_ios/ios"

SPEC CHECKSUMS:
  Flutter: e0871f40cf51350855a761d2e70bf5af5b9b5de7
  hss_okta_flutter: 246ea85f4d955816100ac6ddec49c8b9cd571086
  integration_test: 13825b8a9334a850581300559b8839134b124670
  OktaAuthFoundation: 5ac1fd93cf428078d82d4fda08cbbe3f4979c6ce
  OktaDirectAuth: 86b9ab4b1f6b1a4c72288ac5a2c388a2e8a3b1bf
  OktaIdx: 2d01cfc794222570e8e0b4bc96a70a7c90dafe41
  OktaJWT: d9934b947fd0742713557b9ab9e1a313d40751cc
  OktaOAuth2: d063c4e91ab2ad7927fdf95a8f9454019d91eb47
  OktaOidc: 15fb3d494103d4f07ba8a523b3347d02c4d30486
  OktaWebAuthenticationUI: 1dd167e623e169e83fd8783682feef02c594d110
  url_launcher_ios: 68d46cc9766d0c41dbdc884310529557e3cd7a86

PODFILE CHECKSUM: 819463e6a0290f5a72f145ba7cde16e8b6ef0796

COCOAPODS: 1.15.2
