PODS:
  - Flutter (1.0.0)
  - hss_okta_flutter (0.0.1):
    - Flutter
    - OktaWebAuthenticationUI
  - integration_test (0.0.1):
    - Flutter
  - OktaAuthFoundation (1.4.3)
  - OktaOAuth2 (1.4.3):
    - OktaAuthFoundation (= 1.4.3)
  - OktaWebAuthenticationUI (1.4.3):
    - OktaAuthFoundation (= 1.4.3)
    - OktaOAuth2 (= 1.4.3)

DEPENDENCIES:
  - Flutter (from `Flutter`)
  - hss_okta_flutter (from `.symlinks/plugins/hss_okta_flutter/ios`)
  - integration_test (from `.symlinks/plugins/integration_test/ios`)

SPEC REPOS:
  trunk:
    - OktaAuthFoundation
    - OktaOAuth2
    - OktaWebAuthenticationUI

EXTERNAL SOURCES:
  Flutter:
    :path: Flutter
  hss_okta_flutter:
    :path: ".symlinks/plugins/hss_okta_flutter/ios"
  integration_test:
    :path: ".symlinks/plugins/integration_test/ios"

SPEC CHECKSUMS:
  Flutter: f04841e97a9d0b0a8025694d0796dd46242b2854
  hss_okta_flutter: 31b6e7a5c04eda228ada380b26bc902dee260d03
  integration_test: 13825b8a9334a850581300559b8839134b124670
  OktaAuthFoundation: 5ac1fd93cf428078d82d4fda08cbbe3f4979c6ce
  OktaOAuth2: d063c4e91ab2ad7927fdf95a8f9454019d91eb47
  OktaWebAuthenticationUI: 1dd167e623e169e83fd8783682feef02c594d110

PODFILE CHECKSUM: 70d9d25280d0dd177a5f637cdb0f0b0b12c6a189

COCOAPODS: 1.12.1
